Microsoft Visual Studio Solution File, Format Version 12.00
# Visual Studio Version 17
VisualStudioVersion = 17.6.33829.357
MinimumVisualStudioVersion = 10.0.40219.1
Project("{9A19103F-16F7-4668-BE54-9A1E7A4F7556}") = "DataPackageTool.UI", "Data-Package-Tool.UI\DataPackageTool.UI.csproj", "{635A8495-45CF-443C-8C12-190F6325849B}"
	ProjectSection(ProjectDependencies) = postProject
		{AC42478B-FD1F-4772-976E-64BA90BE956A} = {AC42478B-FD1F-4772-976E-64BA90BE956A}
	EndProjectSection
EndProject
Project("{9A19103F-16F7-4668-BE54-9A1E7A4F7556}") = "DataPackageTool.UI.Desktop", "Data-Package-Tool.UI.Desktop\DataPackageTool.UI.Desktop.csproj", "{D066EDF9-9076-489F-B0C8-856D55EDE116}"
EndProject
Project("{9A19103F-16F7-4668-BE54-9A1E7A4F7556}") = "DataPackageTool.Core", "Data-Package-Tool.Core\DataPackageTool.Core.csproj", "{AC42478B-FD1F-4772-976E-64BA90BE956A}"
EndProject
Global
	GlobalSection(SolutionConfigurationPlatforms) = preSolution
		Debug|Any CPU = Debug|Any CPU
		Release|Any CPU = Release|Any CPU
	EndGlobalSection
	GlobalSection(ProjectConfigurationPlatforms) = postSolution
		{635A8495-45CF-443C-8C12-190F6325849B}.Debug|Any CPU.ActiveCfg = Debug|Any CPU
		{635A8495-45CF-443C-8C12-190F6325849B}.Debug|Any CPU.Build.0 = Debug|Any CPU
		{635A8495-45CF-443C-8C12-190F6325849B}.Release|Any CPU.ActiveCfg = Release|Any CPU
		{635A8495-45CF-443C-8C12-190F6325849B}.Release|Any CPU.Build.0 = Release|Any CPU
		{D066EDF9-9076-489F-B0C8-856D55EDE116}.Debug|Any CPU.ActiveCfg = Debug|Any CPU
		{D066EDF9-9076-489F-B0C8-856D55EDE116}.Debug|Any CPU.Build.0 = Debug|Any CPU
		{D066EDF9-9076-489F-B0C8-856D55EDE116}.Release|Any CPU.ActiveCfg = Release|Any CPU
		{D066EDF9-9076-489F-B0C8-856D55EDE116}.Release|Any CPU.Build.0 = Release|Any CPU
		{AC42478B-FD1F-4772-976E-64BA90BE956A}.Debug|Any CPU.ActiveCfg = Debug|Any CPU
		{AC42478B-FD1F-4772-976E-64BA90BE956A}.Debug|Any CPU.Build.0 = Debug|Any CPU
		{AC42478B-FD1F-4772-976E-64BA90BE956A}.Release|Any CPU.ActiveCfg = Release|Any CPU
		{AC42478B-FD1F-4772-976E-64BA90BE956A}.Release|Any CPU.Build.0 = Release|Any CPU
	EndGlobalSection
	GlobalSection(SolutionProperties) = preSolution
		HideSolutionNode = FALSE
	EndGlobalSection
	GlobalSection(ExtensibilityGlobals) = postSolution
		SolutionGuid = {352C901E-6200-4A47-A8A3-234EF16252F4}
	EndGlobalSection
EndGlobal
